
Microsoft Visual Studio Solution File, Format Version 12.00
# Visual Studio Version 17
VisualStudioVersion = 17.11.35222.181
MinimumVisualStudioVersion = 10.0.40219.1
Project("{FAE04EC0-301F-11D3-BF4B-00C04F79EFBC}") = "CosmeticApp", "CosmeticApp\CosmeticApp.csproj", "{B5C87189-9638-4C36-8482-214BFEAB7E52}"
EndProject
Project("{9A19103F-16F7-4668-BE54-9A1E7A4F7556}") = "CosmeticApp.Logic", "CosmeticApp.Logic\CosmeticApp.Logic.csproj", "{66928E63-4565-45AA-AFE5-F3622B00E7B0}"
EndProject
Project("{9A19103F-16F7-4668-BE54-9A1E7A4F7556}") = "CosmeticApp.ConsoleUI", "CosmeticApp.ConsoleUI\CosmeticApp.ConsoleUI.csproj", "{760E4006-A3FE-41E7-B24F-17575362B690}"
EndProject
Project("{FAE04EC0-301F-11D3-BF4B-00C04F79EFBC}") = "CosmeticApp.Model", "Cosmetic\CosmeticApp.Model.csproj", "{3CFE7B85-C530-45B0-9F21-852B0AB3B3A9}"
EndProject
Project("{FAE04EC0-301F-11D3-BF4B-00C04F79EFBC}") = "CosmeticApp.DataAccessLayer", "CosmeticApp.DataAccessLayer\CosmeticApp.DataAccessLayer.csproj", "{E9E9C0C7-9DC8-47DF-8D38-2DA4CC5D61AE}"
EndProject
Global
	GlobalSection(SolutionConfigurationPlatforms) = preSolution
		Debug|Any CPU = Debug|Any CPU
		Release|Any CPU = Release|Any CPU
	EndGlobalSection
	GlobalSection(ProjectConfigurationPlatforms) = postSolution
		{B5C87189-9638-4C36-8482-214BFEAB7E52}.Debug|Any CPU.ActiveCfg = Debug|Any CPU
		{B5C87189-9638-4C36-8482-214BFEAB7E52}.Debug|Any CPU.Build.0 = Debug|Any CPU
		{B5C87189-9638-4C36-8482-214BFEAB7E52}.Release|Any CPU.ActiveCfg = Release|Any CPU
		{B5C87189-9638-4C36-8482-214BFEAB7E52}.Release|Any CPU.Build.0 = Release|Any CPU
		{66928E63-4565-45AA-AFE5-F3622B00E7B0}.Debug|Any CPU.ActiveCfg = Debug|Any CPU
		{66928E63-4565-45AA-AFE5-F3622B00E7B0}.Debug|Any CPU.Build.0 = Debug|Any CPU
		{66928E63-4565-45AA-AFE5-F3622B00E7B0}.Release|Any CPU.ActiveCfg = Release|Any CPU
		{66928E63-4565-45AA-AFE5-F3622B00E7B0}.Release|Any CPU.Build.0 = Release|Any CPU
		{760E4006-A3FE-41E7-B24F-17575362B690}.Debug|Any CPU.ActiveCfg = Debug|Any CPU
		{760E4006-A3FE-41E7-B24F-17575362B690}.Debug|Any CPU.Build.0 = Debug|Any CPU
		{760E4006-A3FE-41E7-B24F-17575362B690}.Release|Any CPU.ActiveCfg = Release|Any CPU
		{760E4006-A3FE-41E7-B24F-17575362B690}.Release|Any CPU.Build.0 = Release|Any CPU
		{3CFE7B85-C530-45B0-9F21-852B0AB3B3A9}.Debug|Any CPU.ActiveCfg = Debug|Any CPU
		{3CFE7B85-C530-45B0-9F21-852B0AB3B3A9}.Debug|Any CPU.Build.0 = Debug|Any CPU
		{3CFE7B85-C530-45B0-9F21-852B0AB3B3A9}.Release|Any CPU.ActiveCfg = Release|Any CPU
		{3CFE7B85-C530-45B0-9F21-852B0AB3B3A9}.Release|Any CPU.Build.0 = Release|Any CPU
		{E9E9C0C7-9DC8-47DF-8D38-2DA4CC5D61AE}.Debug|Any CPU.ActiveCfg = Debug|Any CPU
		{E9E9C0C7-9DC8-47DF-8D38-2DA4CC5D61AE}.Debug|Any CPU.Build.0 = Debug|Any CPU
		{E9E9C0C7-9DC8-47DF-8D38-2DA4CC5D61AE}.Release|Any CPU.ActiveCfg = Release|Any CPU
		{E9E9C0C7-9DC8-47DF-8D38-2DA4CC5D61AE}.Release|Any CPU.Build.0 = Release|Any CPU
	EndGlobalSection
	GlobalSection(SolutionProperties) = preSolution
		HideSolutionNode = FALSE
	EndGlobalSection
	GlobalSection(ExtensibilityGlobals) = postSolution
		SolutionGuid = {027FF2F3-0CDF-4D06-A3F8-B92A3A0CCF3D}
	EndGlobalSection
EndGlobal
